// !$*UTF8*$!
{
	archiveVersion = 1;
	classes = {
	};
	objectVersion = 46;
	objects = {

/* Begin PBXBuildFile section */
		DB3D61131EA1E8420063E598 /* HobbyCategoryHeader.swift in Sources */ = {isa = PBXBuildFile; fileRef = DB3D61121EA1E8420063E598 /* HobbyCategoryHeader.swift */; };
		DBF254D81EA0929F004E0C26 /* AppDelegate.swift in Sources */ = {isa = PBXBuildFile; fileRef = DBF254D71EA0929F004E0C26 /* AppDelegate.swift */; };
		DBF254DA1EA0929F004E0C26 /* ViewController.swift in Sources */ = {isa = PBXBuildFile; fileRef = DBF254D91EA0929F004E0C26 /* ViewController.swift */; };
		DBF254DD1EA0929F004E0C26 /* Main.storyboard in Resources */ = {isa = PBXBuildFile; fileRef = DBF254DB1EA0929F004E0C26 /* Main.storyboard */; };
		DBF254DF1EA0929F004E0C26 /* Assets.xcassets in Resources */ = {isa = PBXBuildFile; fileRef = DBF254DE1EA0929F004E0C26 /* Assets.xcassets */; };
		DBF254E21EA0929F004E0C26 /* LaunchScreen.storyboard in Resources */ = {isa = PBXBuildFile; fileRef = DBF254E01EA0929F004E0C26 /* LaunchScreen.storyboard */; };
		DBF254EB1EA0DD1F004E0C26 /* MapKit.framework in Frameworks */ = {isa = PBXBuildFile; fileRef = DBF254EA1EA0DD1F004E0C26 /* MapKit.framework */; };
		DBF254EE1EA0FD5F004E0C26 /* SFLBaseModel.swift in Sources */ = {isa = PBXBuildFile; fileRef = DBF254EC1EA0FD5F004E0C26 /* SFLBaseModel.swift */; };
		DBF254EF1EA0FD5F004E0C26 /* SFLConnection.swift in Sources */ = {isa = PBXBuildFile; fileRef = DBF254ED1EA0FD5F004E0C26 /* SFLConnection.swift */; };
		DBF254F21EA0FEFE004E0C26 /* hobbyShareViewController.swift in Sources */ = {isa = PBXBuildFile; fileRef = DBF254F11EA0FEFE004E0C26 /* hobbyShareViewController.swift */; };
		DBF254F41EA0FF34004E0C26 /* MeViewController.swift in Sources */ = {isa = PBXBuildFile; fileRef = DBF254F31EA0FF34004E0C26 /* MeViewController.swift */; };
		DBF254F61EA0FF6E004E0C26 /* EditHobbiesViewController.swift in Sources */ = {isa = PBXBuildFile; fileRef = DBF254F51EA0FF6E004E0C26 /* EditHobbiesViewController.swift */; };
		DBF254FA1EA0FFC8004E0C26 /* neighboursViewController.swift in Sources */ = {isa = PBXBuildFile; fileRef = DBF254F91EA0FFC8004E0C26 /* neighboursViewController.swift */; };
		DBF254FD1EA1103C004E0C26 /* Models.swift in Sources */ = {isa = PBXBuildFile; fileRef = DBF254FC1EA1103C004E0C26 /* Models.swift */; };
		DBF254FF1EA110B8004E0C26 /* dataProvider.swift in Sources */ = {isa = PBXBuildFile; fileRef = DBF254FE1EA110B8004E0C26 /* dataProvider.swift */; };
		DBF255011EA11B7B004E0C26 /* HobbyCollectionViewCell.swift in Sources */ = {isa = PBXBuildFile; fileRef = DBF255001EA11B7B004E0C26 /* HobbyCollectionViewCell.swift */; };
		DBF255041EA147F3004E0C26 /* Constants.swift in Sources */ = {isa = PBXBuildFile; fileRef = DBF255031EA147F3004E0C26 /* Constants.swift */; };
/* End PBXBuildFile section */

/* Begin PBXFileReference section */
		DB3D61121EA1E8420063E598 /* HobbyCategoryHeader.swift */ = {isa = PBXFileReference; fileEncoding = 4; lastKnownFileType = sourcecode.swift; path = HobbyCategoryHeader.swift; sourceTree = "<group>"; };
		DBF254D41EA0929F004E0C26 /* hoboShare.app */ = {isa = PBXFileReference; explicitFileType = wrapper.application; includeInIndex = 0; path = hoboShare.app; sourceTree = BUILT_PRODUCTS_DIR; };
		DBF254D71EA0929F004E0C26 /* AppDelegate.swift */ = {isa = PBXFileReference; lastKnownFileType = sourcecode.swift; path = AppDelegate.swift; sourceTree = "<group>"; };
		DBF254D91EA0929F004E0C26 /* ViewController.swift */ = {isa = PBXFileReference; lastKnownFileType = sourcecode.swift; path = ViewController.swift; sourceTree = "<group>"; };
		DBF254DC1EA0929F004E0C26 /* Base */ = {isa = PBXFileReference; lastKnownFileType = file.storyboard; name = Base; path = Base.lproj/Main.storyboard; sourceTree = "<group>"; };
		DBF254DE1EA0929F004E0C26 /* Assets.xcassets */ = {isa = PBXFileReference; lastKnownFileType = folder.assetcatalog; path = Assets.xcassets; sourceTree = "<group>"; };
		DBF254E11EA0929F004E0C26 /* Base */ = {isa = PBXFileReference; lastKnownFileType = file.storyboard; name = Base; path = Base.lproj/LaunchScreen.storyboard; sourceTree = "<group>"; };
		DBF254E31EA0929F004E0C26 /* Info.plist */ = {isa = PBXFileReference; lastKnownFileType = text.plist.xml; path = Info.plist; sourceTree = "<group>"; };
		DBF254EA1EA0DD1F004E0C26 /* MapKit.framework */ = {isa = PBXFileReference; lastKnownFileType = wrapper.framework; name = MapKit.framework; path = System/Library/Frameworks/MapKit.framework; sourceTree = SDKROOT; };
		DBF254EC1EA0FD5F004E0C26 /* SFLBaseModel.swift */ = {isa = PBXFileReference; fileEncoding = 4; lastKnownFileType = sourcecode.swift; path = SFLBaseModel.swift; sourceTree = "<group>"; };
		DBF254ED1EA0FD5F004E0C26 /* SFLConnection.swift */ = {isa = PBXFileReference; fileEncoding = 4; lastKnownFileType = sourcecode.swift; path = SFLConnection.swift; sourceTree = "<group>"; };
		DBF254F11EA0FEFE004E0C26 /* hobbyShareViewController.swift */ = {isa = PBXFileReference; fileEncoding = 4; lastKnownFileType = sourcecode.swift; path = hobbyShareViewController.swift; sourceTree = "<group>"; };
		DBF254F31EA0FF34004E0C26 /* MeViewController.swift */ = {isa = PBXFileReference; fileEncoding = 4; lastKnownFileType = sourcecode.swift; path = MeViewController.swift; sourceTree = "<group>"; };
		DBF254F51EA0FF6E004E0C26 /* EditHobbiesViewController.swift */ = {isa = PBXFileReference; fileEncoding = 4; lastKnownFileType = sourcecode.swift; path = EditHobbiesViewController.swift; sourceTree = "<group>"; };
		DBF254F91EA0FFC8004E0C26 /* neighboursViewController.swift */ = {isa = PBXFileReference; fileEncoding = 4; lastKnownFileType = sourcecode.swift; path = neighboursViewController.swift; sourceTree = "<group>"; };
		DBF254FC1EA1103C004E0C26 /* Models.swift */ = {isa = PBXFileReference; fileEncoding = 4; lastKnownFileType = sourcecode.swift; path = Models.swift; sourceTree = "<group>"; };
		DBF254FE1EA110B8004E0C26 /* dataProvider.swift */ = {isa = PBXFileReference; fileEncoding = 4; lastKnownFileType = sourcecode.swift; path = dataProvider.swift; sourceTree = "<group>"; };
		DBF255001EA11B7B004E0C26 /* HobbyCollectionViewCell.swift */ = {isa = PBXFileReference; fileEncoding = 4; lastKnownFileType = sourcecode.swift; path = HobbyCollectionViewCell.swift; sourceTree = "<group>"; };
		DBF255031EA147F3004E0C26 /* Constants.swift */ = {isa = PBXFileReference; fileEncoding = 4; lastKnownFileType = sourcecode.swift; path = Constants.swift; sourceTree = "<group>"; };
/* End PBXFileReference section */

/* Begin PBXFrameworksBuildPhase section */
		DBF254D11EA0929F004E0C26 /* Frameworks */ = {
			isa = PBXFrameworksBuildPhase;
			buildActionMask = 2147483647;
			files = (
				DBF254EB1EA0DD1F004E0C26 /* MapKit.framework in Frameworks */,
			);
			runOnlyForDeploymentPostprocessing = 0;
		};
/* End PBXFrameworksBuildPhase section */

/* Begin PBXGroup section */
		DBF254CB1EA0929F004E0C26 = {
			isa = PBXGroup;
			children = (
				DBF254D61EA0929F004E0C26 /* hoboShare */,
				DBF254D51EA0929F004E0C26 /* Products */,
				DBF254E91EA0DD1F004E0C26 /* Frameworks */,
			);
			sourceTree = "<group>";
		};
		DBF254D51EA0929F004E0C26 /* Products */ = {
			isa = PBXGroup;
			children = (
				DBF254D41EA0929F004E0C26 /* hoboShare.app */,
			);
			name = Products;
			sourceTree = "<group>";
		};
		DBF254D61EA0929F004E0C26 /* hoboShare */ = {
			isa = PBXGroup;
			children = (
				DBF254FC1EA1103C004E0C26 /* Models.swift */,
				DBF254FE1EA110B8004E0C26 /* dataProvider.swift */,
				DBF254D71EA0929F004E0C26 /* AppDelegate.swift */,
				DBF254D91EA0929F004E0C26 /* ViewController.swift */,
				DBF254DB1EA0929F004E0C26 /* Main.storyboard */,
				DB3D61121EA1E8420063E598 /* HobbyCategoryHeader.swift */,
				DBF255001EA11B7B004E0C26 /* HobbyCollectionViewCell.swift */,
				DBF254FB1EA1001F004E0C26 /* viewControllers */,
				DBF255021EA14539004E0C26 /* SuperClassUI */,
				DBF254F01EA0FD64004E0C26 /* SFLClasses */,
				DBF254DE1EA0929F004E0C26 /* Assets.xcassets */,
				DBF254E01EA0929F004E0C26 /* LaunchScreen.storyboard */,
				DBF254E31EA0929F004E0C26 /* Info.plist */,
			);
			path = hoboShare;
			sourceTree = "<group>";
		};
		DBF254E91EA0DD1F004E0C26 /* Frameworks */ = {
			isa = PBXGroup;
			children = (
				DBF254EA1EA0DD1F004E0C26 /* MapKit.framework */,
			);
			name = Frameworks;
			sourceTree = "<group>";
		};
		DBF254F01EA0FD64004E0C26 /* SFLClasses */ = {
			isa = PBXGroup;
			children = (
				DBF254EC1EA0FD5F004E0C26 /* SFLBaseModel.swift */,
				DBF254ED1EA0FD5F004E0C26 /* SFLConnection.swift */,
			);
			name = SFLClasses;
			sourceTree = "<group>";
		};
		DBF254FB1EA1001F004E0C26 /* viewControllers */ = {
			isa = PBXGroup;
			children = (
				DBF254F31EA0FF34004E0C26 /* MeViewController.swift */,
				DBF254F91EA0FFC8004E0C26 /* neighboursViewController.swift */,
				DBF254F51EA0FF6E004E0C26 /* EditHobbiesViewController.swift */,
			);
			name = viewControllers;
			sourceTree = "<group>";
		};
		DBF255021EA14539004E0C26 /* SuperClassUI */ = {
			isa = PBXGroup;
			children = (
				DBF254F11EA0FEFE004E0C26 /* hobbyShareViewController.swift */,
				DBF255031EA147F3004E0C26 /* Constants.swift */,
			);
			name = SuperClassUI;
			sourceTree = "<group>";
		};
/* End PBXGroup section */

/* Begin PBXNativeTarget section */
		DBF254D31EA0929F004E0C26 /* hoboShare */ = {
			isa = PBXNativeTarget;
			buildConfigurationList = DBF254E61EA0929F004E0C26 /* Build configuration list for PBXNativeTarget "hoboShare" */;
			buildPhases = (
				DBF254D01EA0929F004E0C26 /* Sources */,
				DBF254D11EA0929F004E0C26 /* Frameworks */,
				DBF254D21EA0929F004E0C26 /* Resources */,
			);
			buildRules = (
			);
			dependencies = (
			);
			name = hoboShare;
			productName = hoboShare;
			productReference = DBF254D41EA0929F004E0C26 /* hoboShare.app */;
			productType = "com.apple.product-type.application";
		};
/* End PBXNativeTarget section */

/* Begin PBXProject section */
		DBF254CC1EA0929F004E0C26 /* Project object */ = {
			isa = PBXProject;
			attributes = {
				LastSwiftUpdateCheck = 0810;
				LastUpgradeCheck = 0810;
				ORGANIZATIONNAME = "Md Ibrahim Hassan";
				TargetAttributes = {
					DBF254D31EA0929F004E0C26 = {
						CreatedOnToolsVersion = 8.1;
						DevelopmentTeam = S22NC6S4LN;
						ProvisioningStyle = Automatic;
					};
				};
			};
			buildConfigurationList = DBF254CF1EA0929F004E0C26 /* Build configuration list for PBXProject "hoboShare" */;
			compatibilityVersion = "Xcode 3.2";
			developmentRegion = English;
			hasScannedForEncodings = 0;
			knownRegions = (
				en,
				Base,
			);
			mainGroup = DBF254CB1EA0929F004E0C26;
			productRefGroup = DBF254D51EA0929F004E0C26 /* Products */;
			projectDirPath = "";
			projectRoot = "";
			targets = (
				DBF254D31EA0929F004E0C26 /* hoboShare */,
			);
		};
/* End PBXProject section */

/* Begin PBXResourcesBuildPhase section */
		DBF254D21EA0929F004E0C26 /* Resources */ = {
			isa = PBXResourcesBuildPhase;
			buildActionMask = 2147483647;
			files = (
				DBF254E21EA0929F004E0C26 /* LaunchScreen.storyboard in Resources */,
				DBF254DF1EA0929F004E0C26 /* Assets.xcassets in Resources */,
				DBF254DD1EA0929F004E0C26 /* Main.storyboard in Resources */,
			);
			runOnlyForDeploymentPostprocessing = 0;
		};
/* End PBXResourcesBuildPhase section */

/* Begin PBXSourcesBuildPhase section */
		DBF254D01EA0929F004E0C26 /* Sources */ = {
			isa = PBXSourcesBuildPhase;
			buildActionMask = 2147483647;
			files = (
				DBF254F41EA0FF34004E0C26 /* MeViewController.swift in Sources */,
				DBF254EE1EA0FD5F004E0C26 /* SFLBaseModel.swift in Sources */,
				DB3D61131EA1E8420063E598 /* HobbyCategoryHeader.swift in Sources */,
				DBF254FF1EA110B8004E0C26 /* dataProvider.swift in Sources */,
				DBF254DA1EA0929F004E0C26 /* ViewController.swift in Sources */,
				DBF254F61EA0FF6E004E0C26 /* EditHobbiesViewController.swift in Sources */,
				DBF254D81EA0929F004E0C26 /* AppDelegate.swift in Sources */,
				DBF254EF1EA0FD5F004E0C26 /* SFLConnection.swift in Sources */,
				DBF254FD1EA1103C004E0C26 /* Models.swift in Sources */,
				DBF254F21EA0FEFE004E0C26 /* hobbyShareViewController.swift in Sources */,
				DBF255011EA11B7B004E0C26 /* HobbyCollectionViewCell.swift in Sources */,
				DBF254FA1EA0FFC8004E0C26 /* neighboursViewController.swift in Sources */,
				DBF255041EA147F3004E0C26 /* Constants.swift in Sources */,
			);
			runOnlyForDeploymentPostprocessing = 0;
		};
/* End PBXSourcesBuildPhase section */

/* Begin PBXVariantGroup section */
		DBF254DB1EA0929F004E0C26 /* Main.storyboard */ = {
			isa = PBXVariantGroup;
			children = (
				DBF254DC1EA0929F004E0C26 /* Base */,
			);
			name = Main.storyboard;
			sourceTree = "<group>";
		};
		DBF254E01EA0929F004E0C26 /* LaunchScreen.storyboard */ = {
			isa = PBXVariantGroup;
			children = (
				DBF254E11EA0929F004E0C26 /* Base */,
			);
			name = LaunchScreen.storyboard;
			sourceTree = "<group>";
		};
/* End PBXVariantGroup section */

/* Begin XCBuildConfiguration section */
		DBF254E41EA0929F004E0C26 /* Debug */ = {
			isa = XCBuildConfiguration;
			buildSettings = {
				ALWAYS_SEARCH_USER_PATHS = NO;
				CLANG_ANALYZER_NONNULL = YES;
				CLANG_CXX_LANGUAGE_STANDARD = "gnu++0x";
				CLANG_CXX_LIBRARY = "libc++";
				CLANG_ENABLE_MODULES = YES;
				CLANG_ENABLE_OBJC_ARC = YES;
				CLANG_WARN_BOOL_CONVERSION = YES;
				CLANG_WARN_CONSTANT_CONVERSION = YES;
				CLANG_WARN_DIRECT_OBJC_ISA_USAGE = YES_ERROR;
				CLANG_WARN_DOCUMENTATION_COMMENTS = YES;
				CLANG_WARN_EMPTY_BODY = YES;
				CLANG_WARN_ENUM_CONVERSION = YES;
				CLANG_WARN_INFINITE_RECURSION = YES;
				CLANG_WARN_INT_CONVERSION = YES;
				CLANG_WARN_OBJC_ROOT_CLASS = YES_ERROR;
				CLANG_WARN_SUSPICIOUS_MOVES = YES;
				CLANG_WARN_UNREACHABLE_CODE = YES;
				CLANG_WARN__DUPLICATE_METHOD_MATCH = YES;
				"CODE_SIGN_IDENTITY[sdk=iphoneos*]" = "iPhone Developer";
				COPY_PHASE_STRIP = NO;
				DEBUG_INFORMATION_FORMAT = dwarf;
				ENABLE_STRICT_OBJC_MSGSEND = YES;
				ENABLE_TESTABILITY = YES;
				GCC_C_LANGUAGE_STANDARD = gnu99;
				GCC_DYNAMIC_NO_PIC = NO;
				GCC_NO_COMMON_BLOCKS = YES;
				GCC_OPTIMIZATION_LEVEL = 0;
				GCC_PREPROCESSOR_DEFINITIONS = (
					"DEBUG=1",
					"$(inherited)",
				);
				GCC_WARN_64_TO_32_BIT_CONVERSION = YES;
				GCC_WARN_ABOUT_RETURN_TYPE = YES_ERROR;
				GCC_WARN_UNDECLARED_SELECTOR = YES;
				GCC_WARN_UNINITIALIZED_AUTOS = YES_AGGRESSIVE;
				GCC_WARN_UNUSED_FUNCTION = YES;
				GCC_WARN_UNUSED_VARIABLE = YES;
				IPHONEOS_DEPLOYMENT_TARGET = 10.1;
				MTL_ENABLE_DEBUG_INFO = YES;
				ONLY_ACTIVE_ARCH = YES;
				SDKROOT = iphoneos;
				SWIFT_ACTIVE_COMPILATION_CONDITIONS = DEBUG;
				SWIFT_OPTIMIZATION_LEVEL = "-Onone";
				TARGETED_DEVICE_FAMILY = "1,2";
			};
			name = Debug;
		};
		DBF254E51EA0929F004E0C26 /* Release */ = {
			isa = XCBuildConfiguration;
			buildSettings = {
				ALWAYS_SEARCH_USER_PATHS = NO;
				CLANG_ANALYZER_NONNULL = YES;
				CLANG_CXX_LANGUAGE_STANDARD = "gnu++0x";
				CLANG_CXX_LIBRARY = "libc++";
				CLANG_ENABLE_MODULES = YES;
				CLANG_ENABLE_OBJC_ARC = YES;
				CLANG_WARN_BOOL_CONVERSION = YES;
				CLANG_WARN_CONSTANT_CONVERSION = YES;
				CLANG_WARN_DIRECT_OBJC_ISA_USAGE = YES_ERROR;
				CLANG_WARN_DOCUMENTATION_COMMENTS = YES;
				CLANG_WARN_EMPTY_BODY = YES;
				CLANG_WARN_ENUM_CONVERSION = YES;
				CLANG_WARN_INFINITE_RECURSION = YES;
				CLANG_WARN_INT_CONVERSION = YES;
				CLANG_WARN_OBJC_ROOT_CLASS = YES_ERROR;
				CLANG_WARN_SUSPICIOUS_MOVES = YES;
				CLANG_WARN_UNREACHABLE_CODE = YES;
				CLANG_WARN__DUPLICATE_METHOD_MATCH = YES;
				"CODE_SIGN_IDENTITY[sdk=iphoneos*]" = "iPhone Developer";
				COPY_PHASE_STRIP = NO;
				DEBUG_INFORMATION_FORMAT = "dwarf-with-dsym";
				ENABLE_NS_ASSERTIONS = NO;
				ENABLE_STRICT_OBJC_MSGSEND = YES;
				GCC_C_LANGUAGE_STANDARD = gnu99;
				GCC_NO_COMMON_BLOCKS = YES;
				GCC_WARN_64_TO_32_BIT_CONVERSION = YES;
				GCC_WARN_ABOUT_RETURN_TYPE = YES_ERROR;
				GCC_WARN_UNDECLARED_SELECTOR = YES;
				GCC_WARN_UNINITIALIZED_AUTOS = YES_AGGRESSIVE;
				GCC_WARN_UNUSED_FUNCTION = YES;
				GCC_WARN_UNUSED_VARIABLE = YES;
				IPHONEOS_DEPLOYMENT_TARGET = 10.1;
				MTL_ENABLE_DEBUG_INFO = NO;
				SDKROOT = iphoneos;
				SWIFT_OPTIMIZATION_LEVEL = "-Owholemodule";
				TARGETED_DEVICE_FAMILY = "1,2";
				VALIDATE_PRODUCT = YES;
			};
			name = Release;
		};
		DBF254E71EA0929F004E0C26 /* Debug */ = {
			isa = XCBuildConfiguration;
			buildSettings = {
				ASSETCATALOG_COMPILER_APPICON_NAME = AppIcon;
				DEVELOPMENT_TEAM = S22NC6S4LN;
				INFOPLIST_FILE = hoboShare/Info.plist;
				LD_RUNPATH_SEARCH_PATHS = "$(inherited) @executable_path/Frameworks";
				PRODUCT_BUNDLE_IDENTIFIER = "IbrahimH-ss-n.hoboShare";
				PRODUCT_NAME = "$(TARGET_NAME)";
				SWIFT_VERSION = 3.0;
			};
			name = Debug;
		};
		DBF254E81EA0929F004E0C26 /* Release */ = {
			isa = XCBuildConfiguration;
			buildSettings = {
				ASSETCATALOG_COMPILER_APPICON_NAME = AppIcon;
				DEVELOPMENT_TEAM = S22NC6S4LN;
				INFOPLIST_FILE = hoboShare/Info.plist;
				LD_RUNPATH_SEARCH_PATHS = "$(inherited) @executable_path/Frameworks";
				PRODUCT_BUNDLE_IDENTIFIER = "IbrahimH-ss-n.hoboShare";
				PRODUCT_NAME = "$(TARGET_NAME)";
				SWIFT_VERSION = 3.0;
			};
			name = Release;
		};
/* End XCBuildConfiguration section */

/* Begin XCConfigurationList section */
		DBF254CF1EA0929F004E0C26 /* Build configuration list for PBXProject "hoboShare" */ = {
			isa = XCConfigurationList;
			buildConfigurations = (
				DBF254E41EA0929F004E0C26 /* Debug */,
				DBF254E51EA0929F004E0C26 /* Release */,
			);
			defaultConfigurationIsVisible = 0;
			defaultConfigurationName = Release;
		};
		DBF254E61EA0929F004E0C26 /* Build configuration list for PBXNativeTarget "hoboShare" */ = {
			isa = XCConfigurationList;
			buildConfigurations = (
				DBF254E71EA0929F004E0C26 /* Debug */,
				DBF254E81EA0929F004E0C26 /* Release */,
			);
			defaultConfigurationIsVisible = 0;
			defaultConfigurationName = Release;
		};
/* End XCConfigurationList section */
	};
	rootObject = DBF254CC1EA0929F004E0C26 /* Project object */;
}
